PATH
  remote: .
  specs:
    charm (0.1.0)
      bubbles
      bubbletea
      bubblezone
      glamour
      gum
      harmonica
      lipgloss
      ntcharts

GEM
  remote: https://rubygems.org/
  specs:
    ast (2.4.3)
    bubbles (0.1.1)
      bubbletea
      harmonica
      lipgloss
    bubbletea (0.1.3)
      lipgloss (~> 0.1)
    bubbletea (0.1.3-aarch64-linux-gnu)
      lipgloss (~> 0.1)
    bubbletea (0.1.3-aarch64-linux-musl)
      lipgloss (~> 0.1)
    bubbletea (0.1.3-arm-linux-gnu)
      lipgloss (~> 0.1)
    bubbletea (0.1.3-arm-linux-musl)
      lipgloss (~> 0.1)
    bubbletea (0.1.3-arm64-darwin)
      lipgloss (~> 0.1)
    bubbletea (0.1.3-x86-linux-gnu)
      lipgloss (~> 0.1)
    bubbletea (0.1.3-x86-linux-musl)
      lipgloss (~> 0.1)
    bubbletea (0.1.3-x86_64-darwin)
      lipgloss (~> 0.1)
    bubbletea (0.1.3-x86_64-linux-gnu)
      lipgloss (~> 0.1)
    bubbletea (0.1.3-x86_64-linux-musl)
      lipgloss (~> 0.1)
    bubblezone (0.1.1)
      rake-compiler (~> 1.2)
    bubblezone (0.1.1-aarch64-linux-gnu)
      rake-compiler (~> 1.2)
    bubblezone (0.1.1-aarch64-linux-musl)
      rake-compiler (~> 1.2)
    bubblezone (0.1.1-arm-linux-gnu)
      rake-compiler (~> 1.2)
    bubblezone (0.1.1-arm-linux-musl)
      rake-compiler (~> 1.2)
    bubblezone (0.1.1-arm64-darwin)
      rake-compiler (~> 1.2)
    bubblezone (0.1.1-x86-linux-gnu)
      rake-compiler (~> 1.2)
    bubblezone (0.1.1-x86-linux-musl)
      rake-compiler (~> 1.2)
    bubblezone (0.1.1-x86_64-darwin)
      rake-compiler (~> 1.2)
    bubblezone (0.1.1-x86_64-linux-gnu)
      rake-compiler (~> 1.2)
    bubblezone (0.1.1-x86_64-linux-musl)
      rake-compiler (~> 1.2)
    date (3.5.1)
    erb (6.0.2)
    glamour (0.2.2)
    glamour (0.2.2-aarch64-linux-gnu)
    glamour (0.2.2-aarch64-linux-musl)
    glamour (0.2.2-arm-linux-gnu)
    glamour (0.2.2-arm-linux-musl)
    glamour (0.2.2-arm64-darwin)
    glamour (0.2.2-x86-linux-gnu)
    glamour (0.2.2-x86-linux-musl)
    glamour (0.2.2-x86_64-darwin)
    glamour (0.2.2-x86_64-linux-gnu)
    glamour (0.2.2-x86_64-linux-musl)
    gum (0.3.2)
    gum (0.3.2-aarch64-linux)
    gum (0.3.2-arm64-darwin)
    gum (0.3.2-arm64-linux)
    gum (0.3.2-x86_64-darwin)
    gum (0.3.2-x86_64-linux)
    harmonica (0.1.1)
    io-console (0.8.2)
    irb (1.17.0)
      pp (>= 0.6.0)
      prism (>= 1.3.0)
      rdoc (>= 4.0.0)
      reline (>= 0.4.2)
    json (2.19.2)
    language_server-protocol (3.17.0.5)
    lint_roller (1.1.0)
    lipgloss (0.2.2)
    lipgloss (0.2.2-aarch64-linux-gnu)
    lipgloss (0.2.2-aarch64-linux-musl)
    lipgloss (0.2.2-arm-linux-gnu)
    lipgloss (0.2.2-arm-linux-musl)
    lipgloss (0.2.2-arm64-darwin)
    lipgloss (0.2.2-x86-linux-gnu)
    lipgloss (0.2.2-x86-linux-musl)
    lipgloss (0.2.2-x86_64-darwin)
    lipgloss (0.2.2-x86_64-linux-gnu)
    lipgloss (0.2.2-x86_64-linux-musl)
    minitest (5.27.0)
    ntcharts (0.1.1)
      rake-compiler (~> 1.2)
    ntcharts (0.1.1-aarch64-linux-gnu)
      rake-compiler (~> 1.2)
    ntcharts (0.1.1-aarch64-linux-musl)
      rake-compiler (~> 1.2)
    ntcharts (0.1.1-arm-linux-gnu)
      rake-compiler (~> 1.2)
    ntcharts (0.1.1-arm-linux-musl)
      rake-compiler (~> 1.2)
    ntcharts (0.1.1-arm64-darwin)
      rake-compiler (~> 1.2)
    ntcharts (0.1.1-x86-linux-gnu)
      rake-compiler (~> 1.2)
    ntcharts (0.1.1-x86-linux-musl)
      rake-compiler (~> 1.2)
    ntcharts (0.1.1-x86_64-darwin)
      rake-compiler (~> 1.2)
    ntcharts (0.1.1-x86_64-linux-gnu)
      rake-compiler (~> 1.2)
    ntcharts (0.1.1-x86_64-linux-musl)
      rake-compiler (~> 1.2)
    parallel (1.27.0)
    parser (3.3.10.2)
      ast (~> 2.4.1)
      racc
    pp (0.6.3)
      prettyprint
    prettyprint (0.2.0)
    prism (1.9.0)
    psych (5.3.1)
      date
      stringio
    racc (1.8.1)
    rainbow (3.1.1)
    rake (13.3.1)
    rake-compiler (1.3.1)
      rake
    rdoc (7.2.0)
      erb
      psych (>= 4.0.0)
      tsort
    regexp_parser (2.11.3)
    reline (0.6.3)
      io-console (~> 0.5)
    rubocop (1.86.0)
      json (~> 2.3)
      language_server-protocol (~> 3.17.0.2)
      lint_roller (~> 1.1.0)
      parallel (~> 1.10)
      parser (>= 3.3.0.2)
      rainbow (>= 2.2.2, < 4.0)
      regexp_parser (>= 2.9.3, < 3.0)
      rubocop-ast (>= 1.49.0, < 2.0)
      ruby-progressbar (~> 1.7)
      unicode-display_width (>= 2.4.0, < 4.0)
    rubocop-ast (1.49.1)
      parser (>= 3.3.7.2)
      prism (~> 1.7)
    ruby-progressbar (1.13.0)
    stringio (3.2.0)
    tsort (0.2.0)
    unicode-display_width (3.2.0)
      unicode-emoji (~> 4.1)
    unicode-emoji (4.2.0)

PLATFORMS
  aarch64-linux
  aarch64-linux-gnu
  aarch64-linux-musl
  arm-linux-gnu
  arm-linux-musl
  arm64-darwin
  arm64-linux
  ruby
  x86-linux-gnu
  x86-linux-musl
  x86_64-darwin
  x86_64-linux
  x86_64-linux-gnu
  x86_64-linux-musl

DEPENDENCIES
  charm!
  irb
  minitest (~> 5.16)
  rake (~> 13.0)
  rubocop (~> 1.86)

CHECKSUMS
  ast (2.4.3) sha256=954615157c1d6a382bc27d690d973195e79db7f55e9765ac7c481c60bdb4d383
  bubbles (0.1.1) sha256=ac16a9adef1cd4d51d7246ea6cda1a745a56321cc21a49e150e7446d62797d05
  bubbletea (0.1.3) sha256=3fd7339d8f5726399ba2d206195f8a62f4defed5b40182b3511a64a29283a728
  bubbletea (0.1.3-aarch64-linux-gnu) sha256=6caaae79c1bea3d3b5009532bb8d3a851ad047fe1c5de9729ad565a95d6eea8d
  bubbletea (0.1.3-aarch64-linux-musl) sha256=83329ff086c5e96c9f3128ac2852e6cc060a7f42ea0e9924532a6914e9e5df7e
  bubbletea (0.1.3-arm-linux-gnu) sha256=ad16e034f947dcfe7d20faecdf3c472fd3501874f1bff1dc3fbfeed7f83f1fcc
  bubbletea (0.1.3-arm-linux-musl) sha256=1d3590090c8461b31e55d4d60c31a5c9a60524507fa9fe787941bdc1ca0c7d42
  bubbletea (0.1.3-arm64-darwin) sha256=3f971a2213d9ba393411554732ad827b78cc16c50fec5086e468f10f53eadff4
  bubbletea (0.1.3-x86-linux-gnu) sha256=069d38db1488bd5a65f003f87d1db089cbaa43af70b3f7ab14f94d9735713663
  bubbletea (0.1.3-x86-linux-musl) sha256=18eea248967d7250d34d10db4757274cbb2c85a24bdac04de7eda199b8431328
  bubbletea (0.1.3-x86_64-darwin) sha256=71841a681acdea7d03569262f68810d74edac2dd471b63c04cad90fdce0c6b4c
  bubbletea (0.1.3-x86_64-linux-gnu) sha256=3dc4695461f0e417c7384c117cac7d395cfb25cb6d9c02bbb9c6675ff949c856
  bubbletea (0.1.3-x86_64-linux-musl) sha256=abfce8364e8173a54749af3c00071c049495367650fd6539fbe6d5f435dfced3
  bubblezone (0.1.1) sha256=5ee2bfadde8b1b947a5e3bc4d6f01a7ffa41013e5a54e82f7989dca52b6786c3
  bubblezone (0.1.1-aarch64-linux-gnu) sha256=6b1526ed7e81b31608b1af99bbb0c862c28faeaafb4c3dd0414d6f5a86ff085b
  bubblezone (0.1.1-aarch64-linux-musl) sha256=497f03905651a2253752d2616d627ae1823b877ab54318476073c05d039c781c
  bubblezone (0.1.1-arm-linux-gnu) sha256=309f53bb44107d0637c75c80be054d360056bf38c3eb973b9e0b445e96924ec3
  bubblezone (0.1.1-arm-linux-musl) sha256=8107206b227fd9fd0b933b5b8960aad2adcba4610c622e03efab484f07573caa
  bubblezone (0.1.1-arm64-darwin) sha256=ab19ab791257499daf16cf9ce8e460564b94a3a30fa7de4e1ed4d95bca1bfdd0
  bubblezone (0.1.1-x86-linux-gnu) sha256=1f411604295008cfa9fec060341569056f46971912e41ce56ef8792b92fe24f8
  bubblezone (0.1.1-x86-linux-musl) sha256=603f4f09c7baba44c26bf4b5579cedf2c39bdd44ee607c60aaf87f945a2b65b4
  bubblezone (0.1.1-x86_64-darwin) sha256=63be091cc24536fff250d799790ba5d9c2cac0351b5697da54fa166402abb0f8
  bubblezone (0.1.1-x86_64-linux-gnu) sha256=5b8d5a42453e8f9986e336564ec601695b24874af500454f6d1f349064a35bfb
  bubblezone (0.1.1-x86_64-linux-musl) sha256=4012a572823a6f3c8637d770f5d4b3498bd19d69b74b39f2b414044992bfa779
  charm (0.1.0)
  date (3.5.1) sha256=750d06384d7b9c15d562c76291407d89e368dda4d4fff957eb94962d325a0dc0
  erb (6.0.2) sha256=9fe6264d44f79422c87490a1558479bd0e7dad4dd0e317656e67ea3077b5242b
  glamour (0.2.2) sha256=0a0b8a7739de7d5da9064a674522516fba95d8e03d9052740abcbf8a987a974c
  glamour (0.2.2-aarch64-linux-gnu) sha256=e4c368b726060635c78b8b2957698a80d7bd6883609426a5215a1966cc40408b
  glamour (0.2.2-aarch64-linux-musl) sha256=fe035bce70e3a604660871e0605b44f2dd1892a5b33e18c70f5990f70bbe0179
  glamour (0.2.2-arm-linux-gnu) sha256=1cf7ed24c7074891dd101f363bfe459dde5a70daefd2ebcd554a7fdd9a914968
  glamour (0.2.2-arm-linux-musl) sha256=bf8ad4aa7cf784377156cd8a7329b090a236dc5bc2daff3b13351b5e5972756b
  glamour (0.2.2-arm64-darwin) sha256=d37b477b9824aa0c05c5d63e2d7ad7e663b862e2594f0087495d202b9eba22e5
  glamour (0.2.2-x86-linux-gnu) sha256=653e933b3bc3a5ec21d4b97302c81af1735225becbbb295585e2906e025e4902
  glamour (0.2.2-x86-linux-musl) sha256=aa5b3e849fa7ce2ff8b64350c2d762cc3c851872e4a1f86b7a7f46f4b2b4d8a3
  glamour (0.2.2-x86_64-darwin) sha256=0def32ac0f8f3fd3f3acc59b993a2569cd3357a9258af2a19582b01172d79b47
  glamour (0.2.2-x86_64-linux-gnu) sha256=7324383dded88ce0a6d557cdac03b62008d03c6201de9df52dbb94a460f19adf
  glamour (0.2.2-x86_64-linux-musl) sha256=17320134918c8568e9ac34ab776529fd833d6919aa3496cedd639bb065b3b1c8
  gum (0.3.2) sha256=02802b550de5d91b2c530f24763d9c017ac4c33c049b86d215077f7726931e57
  gum (0.3.2-aarch64-linux) sha256=81176cc2a45fac0ee560a5b605ccb74f43d7970ffe7af325cd4ca928af26fe92
  gum (0.3.2-arm64-darwin) sha256=4b312ffb559a7dd526fe3bde61498846c9022c7d1ea51f7acd05ec2fd3cc698e
  gum (0.3.2-arm64-linux) sha256=d049625582acc5f27267679e0402bcbe6fef156641cf01ea7388c891c5410f8b
  gum (0.3.2-x86_64-darwin) sha256=74e6b2ba18e83d201f6a6a021e9dbca321d56ea7959b58323c9ddedebdcb4345
  gum (0.3.2-x86_64-linux) sha256=67904bdf4b5e46473d127d8b5210eaf4b693f5651f98c75f3f286fe43a915d0e
  harmonica (0.1.1) sha256=587da9bc55ffb6387c0ffb9243bb3b03d57d1ebaf29a17282d3912a3443f397a
  io-console (0.8.2) sha256=d6e3ae7a7cc7574f4b8893b4fca2162e57a825b223a177b7afa236c5ef9814cc
  irb (1.17.0) sha256=168c4ddb93d8a361a045c41d92b2952c7a118fa73f23fe14e55609eb7a863aae
  json (2.19.2) sha256=e7e1bd318b2c37c4ceee2444841c86539bc462e81f40d134cf97826cb14e83cf
  language_server-protocol (3.17.0.5) sha256=fd1e39a51a28bf3eec959379985a72e296e9f9acfce46f6a79d31ca8760803cc
  lint_roller (1.1.0) sha256=2c0c845b632a7d172cb849cc90c1bce937a28c5c8ccccb50dfd46a485003cc87
  lipgloss (0.2.2) sha256=d803bef2ce53aa7b113d032a4e1f8d3f6fb1841532b379c0b2bfff23a3af85e9
  lipgloss (0.2.2-aarch64-linux-gnu) sha256=cb2e5db7fc14d85ec919223b5d16ad6d7be0ced096fec60e9f6e253d1c8718cd
  lipgloss (0.2.2-aarch64-linux-musl) sha256=e9c445531db8aa85efceeab73f09530dc53ed8f5b61aa78ab7fe2d6afb179b30
  lipgloss (0.2.2-arm-linux-gnu) sha256=e3f7424f430dd746f6d00bb587192e54f3fdd90a7fac3447da42b23d432952e8
  lipgloss (0.2.2-arm-linux-musl) sha256=16f76a7a161d5b7ed083167619760ab658bfc4f2c0bd4eecd518e05ad11c3f46
  lipgloss (0.2.2-arm64-darwin) sha256=fed911706463ed21d249eace2224cd39323e94f4ab2a55ff6763b358b780d18f
  lipgloss (0.2.2-x86-linux-gnu) sha256=097344416c54f1290543d2320f3816663c44ccd92912df2ac0cdf15988658e08
  lipgloss (0.2.2-x86-linux-musl) sha256=50cca3b79d3164894c71070a3cfe6d9d6d6a38d02e8598269543201dd50b0f5a
  lipgloss (0.2.2-x86_64-darwin) sha256=6f5bab39a31f38995c5fb964ca0a1f84af0102814b4406f8ca96f30da54e112e
  lipgloss (0.2.2-x86_64-linux-gnu) sha256=99b26dfc4eaa2bf2dfd9823f0894a06ef0b8f7f773db70ae8905d1c5d9d663ad
  lipgloss (0.2.2-x86_64-linux-musl) sha256=a05ebd4d16a441bbe657fafb269d0f9e6d89a1124b3288264efedc427b007703
  minitest (5.27.0) sha256=2d3b17f8a36fe7801c1adcffdbc38233b938eb0b4966e97a6739055a45fa77d5
  ntcharts (0.1.1) sha256=2d924f334e7b9c298d7176f4a492a03a7e9fcf42e53cc02908c6fbce3932128f
  ntcharts (0.1.1-aarch64-linux-gnu) sha256=45810bf566a0d9d3709f61ac079e3d7e1fdc154e71ea8f4f3a8c10b988929763
  ntcharts (0.1.1-aarch64-linux-musl) sha256=4d951fb0dba5cd6b91edac98b1a32c187b511df04b9647066f0fb40b9fbda3f1
  ntcharts (0.1.1-arm-linux-gnu) sha256=1cd84a77aed180f8ed7ead22d80e2f613ca0cb1944f95d1e8f7f0867b908bcd7
  ntcharts (0.1.1-arm-linux-musl) sha256=bad563084a3f57513e2fdb30cc6cd54337fa3c2b96cdaeea18224aaf69497945
  ntcharts (0.1.1-arm64-darwin) sha256=9f304a5bda7b6dfda1f7cbc4a2d70107cfcb52718777e1705d2b098933ba7aa4
  ntcharts (0.1.1-x86-linux-gnu) sha256=ee8c35b504917d1b24af70c757e935cbacdc83b20e868ed218c03e614a623805
  ntcharts (0.1.1-x86-linux-musl) sha256=4f16dcaa70fbe273590bc9f155dd6568a72939113e509a546110a06a0ccf9d8e
  ntcharts (0.1.1-x86_64-darwin) sha256=4636a781980344acbb9cad13b04a153fb289ec5c2bb69a1c118fd0ff70c9a730
  ntcharts (0.1.1-x86_64-linux-gnu) sha256=af42c639d507118240a9bc67ae25a0c85950402f0060492605afcc2996caedd7
  ntcharts (0.1.1-x86_64-linux-musl) sha256=6b8ae8c625490eca1aa15d8be85f609661bdf50f41b28da1385e05d304752e43
  parallel (1.27.0) sha256=4ac151e1806b755fb4e2dc2332cbf0e54f2e24ba821ff2d3dcf86bf6dc4ae130
  parser (3.3.10.2) sha256=6f60c84aa4bdcedb6d1a2434b738fe8a8136807b6adc8f7f53b97da9bc4e9357
  pp (0.6.3) sha256=2951d514450b93ccfeb1df7d021cae0da16e0a7f95ee1e2273719669d0ab9df6
  prettyprint (0.2.0) sha256=2bc9e15581a94742064a3cc8b0fb9d45aae3d03a1baa6ef80922627a0766f193
  prism (1.9.0) sha256=7b530c6a9f92c24300014919c9dcbc055bf4cdf51ec30aed099b06cd6674ef85
  psych (5.3.1) sha256=eb7a57cef10c9d70173ff74e739d843ac3b2c019a003de48447b2963d81b1974
  racc (1.8.1) sha256=4a7f6929691dbec8b5209a0b373bc2614882b55fc5d2e447a21aaa691303d62f
  rainbow (3.1.1) sha256=039491aa3a89f42efa1d6dec2fc4e62ede96eb6acd95e52f1ad581182b79bc6a
  rake (13.3.1) sha256=8c9e89d09f66a26a01264e7e3480ec0607f0c497a861ef16063604b1b08eb19c
  rake-compiler (1.3.1) sha256=6b351612b6e2d73ddd5563ee799bb58685176e05363db6758504bd11573d670a
  rdoc (7.2.0) sha256=8650f76cd4009c3b54955eb5d7e3a075c60a57276766ebf36f9085e8c9f23192
  regexp_parser (2.11.3) sha256=ca13f381a173b7a93450e53459075c9b76a10433caadcb2f1180f2c741fc55a4
  reline (0.6.3) sha256=1198b04973565b36ec0f11542ab3f5cfeeec34823f4e54cebde90968092b1835
  rubocop (1.86.0) sha256=4ff1186fe16ebe9baff5e7aad66bb0ad4cabf5cdcd419f773146dbba2565d186
  rubocop-ast (1.49.1) sha256=4412f3ee70f6fe4546cc489548e0f6fcf76cafcfa80fa03af67098ffed755035
  ruby-progressbar (1.13.0) sha256=80fc9c47a9b640d6834e0dc7b3c94c9df37f08cb072b7761e4a71e22cff29b33
  stringio (3.2.0) sha256=c37cb2e58b4ffbd33fe5cd948c05934af997b36e0b6ca6fdf43afa234cf222e1
  tsort (0.2.0) sha256=9650a793f6859a43b6641671278f79cfead60ac714148aabe4e3f0060480089f
  unicode-display_width (3.2.0) sha256=0cdd96b5681a5949cdbc2c55e7b420facae74c4aaf9a9815eee1087cb1853c42
  unicode-emoji (4.2.0) sha256=519e69150f75652e40bf736106cfbc8f0f73aa3fb6a65afe62fefa7f80b0f80f

BUNDLED WITH
  4.0.4
